
Microsoft Visual Studio Solution File, Format Version 12.00
# Visual Studio Version 17
VisualStudioVersion = 17.10.35004.147
MinimumVisualStudioVersion = 10.0.40219.1
Project("{FAE04EC0-301F-11D3-BF4B-00C04F79EFBC}") = "BinarySearchTree", "BinarySearchTree\BinarySearchTree.csproj", "{7032EA7F-C705-4BE5-832E-06CA7C44AC62}"
EndProject
Project("{FAE04EC0-301F-11D3-BF4B-00C04F79EFBC}") = "MyLibrary", "MyLibrary\MyLibrary.csproj", "{90D59DAE-9551-4F73-990D-4A718D970BBC}"
EndProject
Global
	GlobalSection(SolutionConfigurationPlatforms) = preSolution
		Debug|Any CPU = Debug|Any CPU
		Release|Any CPU = Release|Any CPU
	EndGlobalSection
	GlobalSection(ProjectConfigurationPlatforms) = postSolution
		{7032EA7F-C705-4BE5-832E-06CA7C44AC62}.Debug|Any CPU.ActiveCfg = Debug|Any CPU
		{7032EA7F-C705-4BE5-832E-06CA7C44AC62}.Debug|Any CPU.Build.0 = Debug|Any CPU
		{7032EA7F-C705-4BE5-832E-06CA7C44AC62}.Release|Any CPU.ActiveCfg = Release|Any CPU
		{7032EA7F-C705-4BE5-832E-06CA7C44AC62}.Release|Any CPU.Build.0 = Release|Any CPU
		{90D59DAE-9551-4F73-990D-4A718D970BBC}.Debug|Any CPU.ActiveCfg = Debug|Any CPU
		{90D59DAE-9551-4F73-990D-4A718D970BBC}.Debug|Any CPU.Build.0 = Debug|Any CPU
		{90D59DAE-9551-4F73-990D-4A718D970BBC}.Release|Any CPU.ActiveCfg = Release|Any CPU
		{90D59DAE-9551-4F73-990D-4A718D970BBC}.Release|Any CPU.Build.0 = Release|Any CPU
	EndGlobalSection
	GlobalSection(SolutionProperties) = preSolution
		HideSolutionNode = FALSE
	EndGlobalSection
	GlobalSection(ExtensibilityGlobals) = postSolution
		SolutionGuid = {0C319BB9-0C96-4515-AE09-B0B6000E9E89}
	EndGlobalSection
EndGlobal
